
Microsoft Visual Studio Solution File, Format Version 12.00
# Visual Studio Version 16
VisualStudioVersion = 16.0.30907.101
MinimumVisualStudioVersion = 10.0.40219.1
Project("{FAE04EC0-301F-11D3-BF4B-00C04F79EFBC}") = "PolarimeterApp", "PolarimeterApp\PolarimeterApp.csproj", "{4E941D3A-A5F1-4C12-8585-66329E63501F}"
EndProject
Global
	GlobalSection(SolutionConfigurationPlatforms) = preSolution
		Debug|Any CPU = Debug|Any CPU
		Release|Any CPU = Release|Any CPU
	EndGlobalSection
	GlobalSection(ProjectConfigurationPlatforms) = postSolution
		{4E941D3A-A5F1-4C12-8585-66329E63501F}.Debug|Any CPU.ActiveCfg = Debug|Any CPU
		{4E941D3A-A5F1-4C12-8585-66329E63501F}.Debug|Any CPU.Build.0 = Debug|Any CPU
		{4E941D3A-A5F1-4C12-8585-66329E63501F}.Release|Any CPU.ActiveCfg = Release|Any CPU
		{4E941D3A-A5F1-4C12-8585-66329E63501F}.Release|Any CPU.Build.0 = Release|Any CPU
	EndGlobalSection
	GlobalSection(SolutionProperties) = preSolution
		HideSolutionNode = FALSE
	EndGlobalSection
	GlobalSection(ExtensibilityGlobals) = postSolution
		SolutionGuid = {B9308D78-7353-4BF2-AAEC-63C6DC5A02F7}
	EndGlobalSection
EndGlobal
